// !$*UTF8*$!
{
	archiveVersion = 1;
	classes = {
	};
	objectVersion = 50;
	objects = {

/* Begin PBXBuildFile section */
		3F3D6CE52405AA1200E9925C /* AppDelegate.swift in Sources */ = {isa = PBXBuildFile; fileRef = 3F3D6CE42405AA1200E9925C /* AppDelegate.swift */; };
		3F3D6CE72405AA1200E9925C /* SceneDelegate.swift in Sources */ = {isa = PBXBuildFile; fileRef = 3F3D6CE62405AA1200E9925C /* SceneDelegate.swift */; };
		3F3D6CE92405AA1200E9925C /* GuessViewController.swift in Sources */ = {isa = PBXBuildFile; fileRef = 3F3D6CE82405AA1200E9925C /* GuessViewController.swift */; };
		3F3D6CEB2405AA1200E9925C /* StatisticsViewController.swift in Sources */ = {isa = PBXBuildFile; fileRef = 3F3D6CEA2405AA1200E9925C /* StatisticsViewController.swift */; };
		3F3D6CEE2405AA1200E9925C /* Main.storyboard in Resources */ = {isa = PBXBuildFile; fileRef = 3F3D6CEC2405AA1200E9925C /* Main.storyboard */; };
		3F3D6CF02405AA1300E9925C /* Assets.xcassets in Resources */ = {isa = PBXBuildFile; fileRef = 3F3D6CEF2405AA1300E9925C /* Assets.xcassets */; };
		3F3D6CF32405AA1300E9925C /* LaunchScreen.storyboard in Resources */ = {isa = PBXBuildFile; fileRef = 3F3D6CF12405AA1300E9925C /* LaunchScreen.storyboard */; };
		3F3D6CFB2405AAAB00E9925C /* HistoryTableViewController.swift in Sources */ = {isa = PBXBuildFile; fileRef = 3F3D6CFA2405AAAB00E9925C /* HistoryTableViewController.swift */; };
/* End PBXBuildFile section */

/* Begin PBXFileReference section */
		3F3D6CE12405AA1200E9925C /* An ESPecially Good App.app */ = {isa = PBXFileReference; explicitFileType = wrapper.application; includeInIndex = 0; path = "An ESPecially Good App.app"; sourceTree = BUILT_PRODUCTS_DIR; };
		3F3D6CE42405AA1200E9925C /* AppDelegate.swift */ = {isa = PBXFileReference; lastKnownFileType = sourcecode.swift; path = AppDelegate.swift; sourceTree = "<group>"; };
		3F3D6CE62405AA1200E9925C /* SceneDelegate.swift */ = {isa = PBXFileReference; lastKnownFileType = sourcecode.swift; path = SceneDelegate.swift; sourceTree = "<group>"; };
		3F3D6CE82405AA1200E9925C /* GuessViewController.swift */ = {isa = PBXFileReference; lastKnownFileType = sourcecode.swift; path = GuessViewController.swift; sourceTree = "<group>"; };
		3F3D6CEA2405AA1200E9925C /* StatisticsViewController.swift */ = {isa = PBXFileReference; lastKnownFileType = sourcecode.swift; path = StatisticsViewController.swift; sourceTree = "<group>"; };
		3F3D6CED2405AA1200E9925C /* Base */ = {isa = PBXFileReference; lastKnownFileType = file.storyboard; name = Base; path = Base.lproj/Main.storyboard; sourceTree = "<group>"; };
		3F3D6CEF2405AA1300E9925C /* Assets.xcassets */ = {isa = PBXFileReference; lastKnownFileType = folder.assetcatalog; path = Assets.xcassets; sourceTree = "<group>"; };
		3F3D6CF22405AA1300E9925C /* Base */ = {isa = PBXFileReference; lastKnownFileType = file.storyboard; name = Base; path = Base.lproj/LaunchScreen.storyboard; sourceTree = "<group>"; };
		3F3D6CF42405AA1300E9925C /* Info.plist */ = {isa = PBXFileReference; lastKnownFileType = text.plist.xml; path = Info.plist; sourceTree = "<group>"; };
		3F3D6CFA2405AAAB00E9925C /* HistoryTableViewController.swift */ = {isa = PBXFileReference; lastKnownFileType = sourcecode.swift; path = HistoryTableViewController.swift; sourceTree = "<group>"; };
/* End PBXFileReference section */

/* Begin PBXFrameworksBuildPhase section */
		3F3D6CDE2405AA1200E9925C /* Frameworks */ = {
			isa = PBXFrameworksBuildPhase;
			buildActionMask = 2147483647;
			files = (
			);
			runOnlyForDeploymentPostprocessing = 0;
		};
/* End PBXFrameworksBuildPhase section */

/* Begin PBXGroup section */
		3F3D6CD82405AA1200E9925C = {
			isa = PBXGroup;
			children = (
				3F3D6CE32405AA1200E9925C /* An ESPecially Good App */,
				3F3D6CE22405AA1200E9925C /* Products */,
			);
			sourceTree = "<group>";
		};
		3F3D6CE22405AA1200E9925C /* Products */ = {
			isa = PBXGroup;
			children = (
				3F3D6CE12405AA1200E9925C /* An ESPecially Good App.app */,
			);
			name = Products;
			sourceTree = "<group>";
		};
		3F3D6CE32405AA1200E9925C /* An ESPecially Good App */ = {
			isa = PBXGroup;
			children = (
				3F3D6CE42405AA1200E9925C /* AppDelegate.swift */,
				3F3D6CE62405AA1200E9925C /* SceneDelegate.swift */,
				3F3D6CE82405AA1200E9925C /* GuessViewController.swift */,
				3F3D6CEA2405AA1200E9925C /* StatisticsViewController.swift */,
				3F3D6CFA2405AAAB00E9925C /* HistoryTableViewController.swift */,
				3F3D6CEC2405AA1200E9925C /* Main.storyboard */,
				3F3D6CEF2405AA1300E9925C /* Assets.xcassets */,
				3F3D6CF12405AA1300E9925C /* LaunchScreen.storyboard */,
				3F3D6CF42405AA1300E9925C /* Info.plist */,
			);
			path = "An ESPecially Good App";
			sourceTree = "<group>";
		};
/* End PBXGroup section */

/* Begin PBXNativeTarget section */
		3F3D6CE02405AA1200E9925C /* An ESPecially Good App */ = {
			isa = PBXNativeTarget;
			buildConfigurationList = 3F3D6CF72405AA1300E9925C /* Build configuration list for PBXNativeTarget "An ESPecially Good App" */;
			buildPhases = (
				3F3D6CDD2405AA1200E9925C /* Sources */,
				3F3D6CDE2405AA1200E9925C /* Frameworks */,
				3F3D6CDF2405AA1200E9925C /* Resources */,
			);
			buildRules = (
			);
			dependencies = (
			);
			name = "An ESPecially Good App";
			productName = "An ESPecially Good App";
			productReference = 3F3D6CE12405AA1200E9925C /* An ESPecially Good App.app */;
			productType = "com.apple.product-type.application";
		};
/* End PBXNativeTarget section */

/* Begin PBXProject section */
		3F3D6CD92405AA1200E9925C /* Project object */ = {
			isa = PBXProject;
			attributes = {
				LastSwiftUpdateCheck = 1130;
				LastUpgradeCheck = 1130;
				ORGANIZATIONNAME = S531823;
				TargetAttributes = {
					3F3D6CE02405AA1200E9925C = {
						CreatedOnToolsVersion = 11.3.1;
					};
				};
			};
			buildConfigurationList = 3F3D6CDC2405AA1200E9925C /* Build configuration list for PBXProject "An ESPecially Good App" */;
			compatibilityVersion = "Xcode 9.3";
			developmentRegion = en;
			hasScannedForEncodings = 0;
			knownRegions = (
				en,
				Base,
			);
			mainGroup = 3F3D6CD82405AA1200E9925C;
			productRefGroup = 3F3D6CE22405AA1200E9925C /* Products */;
			projectDirPath = "";
			projectRoot = "";
			targets = (
				3F3D6CE02405AA1200E9925C /* An ESPecially Good App */,
			);
		};
/* End PBXProject section */

/* Begin PBXResourcesBuildPhase section */
		3F3D6CDF2405AA1200E9925C /* Resources */ = {
			isa = PBXResourcesBuildPhase;
			buildActionMask = 2147483647;
			files = (
				3F3D6CF32405AA1300E9925C /* LaunchScreen.storyboard in Resources */,
				3F3D6CF02405AA1300E9925C /* Assets.xcassets in Resources */,
				3F3D6CEE2405AA1200E9925C /* Main.storyboard in Resources */,
			);
			runOnlyForDeploymentPostprocessing = 0;
		};
/* End PBXResourcesBuildPhase section */

/* Begin PBXSourcesBuildPhase section */
		3F3D6CDD2405AA1200E9925C /* Sources */ = {
			isa = PBXSourcesBuildPhase;
			buildActionMask = 2147483647;
			files = (
				3F3D6CEB2405AA1200E9925C /* StatisticsViewController.swift in Sources */,
				3F3D6CE92405AA1200E9925C /* GuessViewController.swift in Sources */,
				3F3D6CE52405AA1200E9925C /* AppDelegate.swift in Sources */,
				3F3D6CE72405AA1200E9925C /* SceneDelegate.swift in Sources */,
				3F3D6CFB2405AAAB00E9925C /* HistoryTableViewController.swift in Sources */,
			);
			runOnlyForDeploymentPostprocessing = 0;
		};
/* End PBXSourcesBuildPhase section */

/* Begin PBXVariantGroup section */
		3F3D6CEC2405AA1200E9925C /* Main.storyboard */ = {
			isa = PBXVariantGroup;
			children = (
				3F3D6CED2405AA1200E9925C /* Base */,
			);
			name = Main.storyboard;
			sourceTree = "<group>";
		};
		3F3D6CF12405AA1300E9925C /* LaunchScreen.storyboard */ = {
			isa = PBXVariantGroup;
			children = (
				3F3D6CF22405AA1300E9925C /* Base */,
			);
			name = LaunchScreen.storyboard;
			sourceTree = "<group>";
		};
/* End PBXVariantGroup section */

/* Begin XCBuildConfiguration section */
		3F3D6CF52405AA1300E9925C /* Debug */ = {
			isa = XCBuildConfiguration;
			buildSettings = {
				ALWAYS_SEARCH_USER_PATHS = NO;
				CLANG_ANALYZER_NONNULL = YES;
				CLANG_ANALYZER_NUMBER_OBJECT_CONVERSION = YES_AGGRESSIVE;
				CLANG_CXX_LANGUAGE_STANDARD = "gnu++14";
				CLANG_CXX_LIBRARY = "libc++";
				CLANG_ENABLE_MODULES = YES;
				CLANG_ENABLE_OBJC_ARC = YES;
				CLANG_ENABLE_OBJC_WEAK = YES;
				CLANG_WARN_BLOCK_CAPTURE_AUTORELEASING = YES;
				CLANG_WARN_BOOL_CONVERSION = YES;
				CLANG_WARN_COMMA = YES;
				CLANG_WARN_CONSTANT_CONVERSION = YES;
				CLANG_WARN_DEPRECATED_OBJC_IMPLEMENTATIONS = YES;
				CLANG_WARN_DIRECT_OBJC_ISA_USAGE = YES_ERROR;
				CLANG_WARN_DOCUMENTATION_COMMENTS = YES;
				CLANG_WARN_EMPTY_BODY = YES;
				CLANG_WARN_ENUM_CONVERSION = YES;
				CLANG_WARN_INFINITE_RECURSION = YES;
				CLANG_WARN_INT_CONVERSION = YES;
				CLANG_WARN_NON_LITERAL_NULL_CONVERSION = YES;
				CLANG_WARN_OBJC_IMPLICIT_RETAIN_SELF = YES;
				CLANG_WARN_OBJC_LITERAL_CONVERSION = YES;
				CLANG_WARN_OBJC_ROOT_CLASS = YES_ERROR;
				CLANG_WARN_RANGE_LOOP_ANALYSIS = YES;
				CLANG_WARN_STRICT_PROTOTYPES = YES;
				CLANG_WARN_SUSPICIOUS_MOVE = YES;
				CLANG_WARN_UNGUARDED_AVAILABILITY = YES_AGGRESSIVE;
				CLANG_WARN_UNREACHABLE_CODE = YES;
				CLANG_WARN__DUPLICATE_METHOD_MATCH = YES;
				COPY_PHASE_STRIP = NO;
				DEBUG_INFORMATION_FORMAT = dwarf;
				ENABLE_STRICT_OBJC_MSGSEND = YES;
				ENABLE_TESTABILITY = YES;
				GCC_C_LANGUAGE_STANDARD = gnu11;
				GCC_DYNAMIC_NO_PIC = NO;
				GCC_NO_COMMON_BLOCKS = YES;
				GCC_OPTIMIZATION_LEVEL = 0;
				GCC_PREPROCESSOR_DEFINITIONS = (
					"DEBUG=1",
					"$(inherited)",
				);
				GCC_WARN_64_TO_32_BIT_CONVERSION = YES;
				GCC_WARN_ABOUT_RETURN_TYPE = YES_ERROR;
				GCC_WARN_UNDECLARED_SELECTOR = YES;
				GCC_WARN_UNINITIALIZED_AUTOS = YES_AGGRESSIVE;
				GCC_WARN_UNUSED_FUNCTION = YES;
				GCC_WARN_UNUSED_VARIABLE = YES;
				IPHONEOS_DEPLOYMENT_TARGET = 13.2;
				MTL_ENABLE_DEBUG_INFO = INCLUDE_SOURCE;
				MTL_FAST_MATH = YES;
				ONLY_ACTIVE_ARCH = YES;
				SDKROOT = iphoneos;
				SWIFT_ACTIVE_COMPILATION_CONDITIONS = DEBUG;
				SWIFT_OPTIMIZATION_LEVEL = "-Onone";
			};
			name = Debug;
		};
		3F3D6CF62405AA1300E9925C /* Release */ = {
			isa = XCBuildConfiguration;
			buildSettings = {
				ALWAYS_SEARCH_USER_PATHS = NO;
				CLANG_ANALYZER_NONNULL = YES;
				CLANG_ANALYZER_NUMBER_OBJECT_CONVERSION = YES_AGGRESSIVE;
				CLANG_CXX_LANGUAGE_STANDARD = "gnu++14";
				CLANG_CXX_LIBRARY = "libc++";
				CLANG_ENABLE_MODULES = YES;
				CLANG_ENABLE_OBJC_ARC = YES;
				CLANG_ENABLE_OBJC_WEAK = YES;
				CLANG_WARN_BLOCK_CAPTURE_AUTORELEASING = YES;
				CLANG_WARN_BOOL_CONVERSION = YES;
				CLANG_WARN_COMMA = YES;
				CLANG_WARN_CONSTANT_CONVERSION = YES;
				CLANG_WARN_DEPRECATED_OBJC_IMPLEMENTATIONS = YES;
				CLANG_WARN_DIRECT_OBJC_ISA_USAGE = YES_ERROR;
				CLANG_WARN_DOCUMENTATION_COMMENTS = YES;
				CLANG_WARN_EMPTY_BODY = YES;
				CLANG_WARN_ENUM_CONVERSION = YES;
				CLANG_WARN_INFINITE_RECURSION = YES;
				CLANG_WARN_INT_CONVERSION = YES;
				CLANG_WARN_NON_LITERAL_NULL_CONVERSION = YES;
				CLANG_WARN_OBJC_IMPLICIT_RETAIN_SELF = YES;
				CLANG_WARN_OBJC_LITERAL_CONVERSION = YES;
				CLANG_WARN_OBJC_ROOT_CLASS = YES_ERROR;
				CLANG_WARN_RANGE_LOOP_ANALYSIS = YES;
				CLANG_WARN_STRICT_PROTOTYPES = YES;
				CLANG_WARN_SUSPICIOUS_MOVE = YES;
				CLANG_WARN_UNGUARDED_AVAILABILITY = YES_AGGRESSIVE;
				CLANG_WARN_UNREACHABLE_CODE = YES;
				CLANG_WARN__DUPLICATE_METHOD_MATCH = YES;
				COPY_PHASE_STRIP = NO;
				DEBUG_INFORMATION_FORMAT = "dwarf-with-dsym";
				ENABLE_NS_ASSERTIONS = NO;
				ENABLE_STRICT_OBJC_MSGSEND = YES;
				GCC_C_LANGUAGE_STANDARD = gnu11;
				GCC_NO_COMMON_BLOCKS = YES;
				GCC_WARN_64_TO_32_BIT_CONVERSION = YES;
				GCC_WARN_ABOUT_RETURN_TYPE = YES_ERROR;
				GCC_WARN_UNDECLARED_SELECTOR = YES;
				GCC_WARN_UNINITIALIZED_AUTOS = YES_AGGRESSIVE;
				GCC_WARN_UNUSED_FUNCTION = YES;
				GCC_WARN_UNUSED_VARIABLE = YES;
				IPHONEOS_DEPLOYMENT_TARGET = 13.2;
				MTL_ENABLE_DEBUG_INFO = NO;
				MTL_FAST_MATH = YES;
				SDKROOT = iphoneos;
				SWIFT_COMPILATION_MODE = wholemodule;
				SWIFT_OPTIMIZATION_LEVEL = "-O";
				VALIDATE_PRODUCT = YES;
			};
			name = Release;
		};
		3F3D6CF82405AA1300E9925C /* Debug */ = {
			isa = XCBuildConfiguration;
			buildSettings = {
				ASSETCATALOG_COMPILER_APPICON_NAME = AppIcon;
				CODE_SIGN_STYLE = Automatic;
				INFOPLIST_FILE = "An ESPecially Good App/Info.plist";
				LD_RUNPATH_SEARCH_PATHS = (
					"$(inherited)",
					"@executable_path/Frameworks",
				);
				PRODUCT_BUNDLE_IDENTIFIER = "edu.nwmissouri.An-ESPecially-Good-App";
				PRODUCT_NAME = "$(TARGET_NAME)";
				SWIFT_VERSION = 5.0;
				TARGETED_DEVICE_FAMILY = "1,2";
			};
			name = Debug;
		};
		3F3D6CF92405AA1300E9925C /* Release */ = {
			isa = XCBuildConfiguration;
			buildSettings = {
				ASSETCATALOG_COMPILER_APPICON_NAME = AppIcon;
				CODE_SIGN_STYLE = Automatic;
				INFOPLIST_FILE = "An ESPecially Good App/Info.plist";
				LD_RUNPATH_SEARCH_PATHS = (
					"$(inherited)",
					"@executable_path/Frameworks",
				);
				PRODUCT_BUNDLE_IDENTIFIER = "edu.nwmissouri.An-ESPecially-Good-App";
				PRODUCT_NAME = "$(TARGET_NAME)";
				SWIFT_VERSION = 5.0;
				TARGETED_DEVICE_FAMILY = "1,2";
			};
			name = Release;
		};
/* End XCBuildConfiguration section */

/* Begin XCConfigurationList section */
		3F3D6CDC2405AA1200E9925C /* Build configuration list for PBXProject "An ESPecially Good App" */ = {
			isa = XCConfigurationList;
			buildConfigurations = (
				3F3D6CF52405AA1300E9925C /* Debug */,
				3F3D6CF62405AA1300E9925C /* Release */,
			);
			defaultConfigurationIsVisible = 0;
			defaultConfigurationName = Release;
		};
		3F3D6CF72405AA1300E9925C /* Build configuration list for PBXNativeTarget "An ESPecially Good App" */ = {
			isa = XCConfigurationList;
			buildConfigurations = (
				3F3D6CF82405AA1300E9925C /* Debug */,
				3F3D6CF92405AA1300E9925C /* Release */,
			);
			defaultConfigurationIsVisible = 0;
			defaultConfigurationName = Release;
		};
/* End XCConfigurationList section */
	};
	rootObject = 3F3D6CD92405AA1200E9925C /* Project object */;
}
